Microsoft Visual Studio Solution File, Format Version 12.00
# Visual Studio Version 17
VisualStudioVersion = 17.5.2.0
MinimumVisualStudioVersion = 10.0.40219.1
Project("{FAE04EC0-301F-11D3-BF4B-00C04F79EFBC}") = "LearnDSA", "LearnDSA.csproj", "{29C51EFF-0F2C-BDD5-CEC5-B271584E33ED}"
EndProject
Global
	GlobalSection(SolutionConfigurationPlatforms) = preSolution
		Debug|Any CPU = Debug|Any CPU
		Release|Any CPU = Release|Any CPU
	EndGlobalSection
	GlobalSection(ProjectConfigurationPlatforms) = postSolution
		{29C51EFF-0F2C-BDD5-CEC5-B271584E33ED}.Debug|Any CPU.ActiveCfg = Debug|Any CPU
		{29C51EFF-0F2C-BDD5-CEC5-B271584E33ED}.Debug|Any CPU.Build.0 = Debug|Any CPU
		{29C51EFF-0F2C-BDD5-CEC5-B271584E33ED}.Release|Any CPU.ActiveCfg = Release|Any CPU
		{29C51EFF-0F2C-BDD5-CEC5-B271584E33ED}.Release|Any CPU.Build.0 = Release|Any CPU
	EndGlobalSection
	GlobalSection(SolutionProperties) = preSolution
		HideSolutionNode = FALSE
	EndGlobalSection
	GlobalSection(ExtensibilityGlobals) = postSolution
		SolutionGuid = {70627521-7B2C-4821-ACDD-181FA047BB2F}
	EndGlobalSection
EndGlobal
